
Microsoft Visual Studio Solution File, Format Version 12.00
# Visual Studio Version 17
VisualStudioVersion = 17.2.32519.379
MinimumVisualStudioVersion = 10.0.40219.1
Project("{FAE04EC0-301F-11D3-BF4B-00C04F79EFBC}") = "WpfApp1", "WpfApp1\WpfApp1.csproj", "{84F70582-FE38-4AD9-BB8B-7C0E5156513E}"
EndProject
Global
	GlobalSection(SolutionConfigurationPlatforms) = preSolution
		Debug|Any CPU = Debug|Any CPU
		Release|Any CPU = Release|Any CPU
	EndGlobalSection
	GlobalSection(ProjectConfigurationPlatforms) = postSolution
		{84F70582-FE38-4AD9-BB8B-7C0E5156513E}.Debug|Any CPU.ActiveCfg = Debug|Any CPU
		{84F70582-FE38-4AD9-BB8B-7C0E5156513E}.Debug|Any CPU.Build.0 = Debug|Any CPU
		{84F70582-FE38-4AD9-BB8B-7C0E5156513E}.Release|Any CPU.ActiveCfg = Release|Any CPU
		{84F70582-FE38-4AD9-BB8B-7C0E5156513E}.Release|Any CPU.Build.0 = Release|Any CPU
	EndGlobalSection
	GlobalSection(SolutionProperties) = preSolution
		HideSolutionNode = FALSE
	EndGlobalSection
	GlobalSection(ExtensibilityGlobals) = postSolution
		SolutionGuid = {19B716D7-508C-46A8-BA2A-E44FE727C448}
	EndGlobalSection
EndGlobal
